
Microsoft Visual Studio Solution File, Format Version 12.00
# Visual Studio Version 16
VisualStudioVersion = 16.0.31515.178
MinimumVisualStudioVersion = 10.0.40219.1
Project("{FAE04EC0-301F-11D3-BF4B-00C04F79EFBC}") = "DHDistinctionTask", "DHDistinctionTask.csproj", "{7446BF69-594A-4AEA-BD8B-4EED7C860E47}"
EndProject
Project("{FAE04EC0-301F-11D3-BF4B-00C04F79EFBC}") = "CalculatorConsoleApp", "..\CalculatorConsoleApp\CalculatorConsoleApp.csproj", "{AD3CEE6D-F3C4-41C5-B83D-E2C00AE0B20A}"
EndProject
Project("{930C7802-8A8C-48F9-8165-68863BCCD9DD}") = "WIXSetup", "..\WIXSetup\WIXSetup.wixproj", "{1C6124F5-20F1-476F-86FE-FB2CCD2E28B6}"
EndProject
Project("{FAE04EC0-301F-11D3-BF4B-00C04F79EFBC}") = "UnitTestProject1", "..\UnitTestProject1\UnitTestProject1.csproj", "{03F62440-DB11-457F-B076-D531EFA54AB6}"
EndProject
Project("{FAE04EC0-301F-11D3-BF4B-00C04F79EFBC}") = "AdvanceMaths", "..\AdvanceMaths\AdvanceMaths.csproj", "{02A09D8B-311E-493F-958F-4DE0236DF70A}"
EndProject
Project("{C7167F0D-BC9F-4E6E-AFE1-012C56B48DB5}") = "WinUniversalPackage", "..\WinUniversalPackage\WinUniversalPackage.wapproj", "{60EF9E94-B1D4-46B9-8186-18BBBDE452D0}"
EndProject
Global
	GlobalSection(SolutionConfigurationPlatforms) = preSolution
		Debug|Any CPU = Debug|Any CPU
		Debug|ARM = Debug|ARM
		Debug|ARM64 = Debug|ARM64
		Debug|x64 = Debug|x64
		Debug|x86 = Debug|x86
		Release|Any CPU = Release|Any CPU
		Release|ARM = Release|ARM
		Release|ARM64 = Release|ARM64
		Release|x64 = Release|x64
		Release|x86 = Release|x86
	EndGlobalSection
	GlobalSection(ProjectConfigurationPlatforms) = postSolution
		{7446BF69-594A-4AEA-BD8B-4EED7C860E47}.Debug|Any CPU.ActiveCfg = Debug|Any CPU
		{7446BF69-594A-4AEA-BD8B-4EED7C860E47}.Debug|Any CPU.Build.0 = Debug|Any CPU
		{7446BF69-594A-4AEA-BD8B-4EED7C860E47}.Debug|ARM.ActiveCfg = Debug|Any CPU
		{7446BF69-594A-4AEA-BD8B-4EED7C860E47}.Debug|ARM.Build.0 = Debug|Any CPU
		{7446BF69-594A-4AEA-BD8B-4EED7C860E47}.Debug|ARM64.ActiveCfg = Debug|Any CPU
		{7446BF69-594A-4AEA-BD8B-4EED7C860E47}.Debug|ARM64.Build.0 = Debug|Any CPU
		{7446BF69-594A-4AEA-BD8B-4EED7C860E47}.Debug|x64.ActiveCfg = Debug|Any CPU
		{7446BF69-594A-4AEA-BD8B-4EED7C860E47}.Debug|x64.Build.0 = Debug|Any CPU
		{7446BF69-594A-4AEA-BD8B-4EED7C860E47}.Debug|x86.ActiveCfg = Debug|Any CPU
		{7446BF69-594A-4AEA-BD8B-4EED7C860E47}.Debug|x86.Build.0 = Debug|Any CPU
		{7446BF69-594A-4AEA-BD8B-4EED7C860E47}.Release|Any CPU.ActiveCfg = Release|Any CPU
		{7446BF69-594A-4AEA-BD8B-4EED7C860E47}.Release|Any CPU.Build.0 = Release|Any CPU
		{7446BF69-594A-4AEA-BD8B-4EED7C860E47}.Release|ARM.ActiveCfg = Release|Any CPU
		{7446BF69-594A-4AEA-BD8B-4EED7C860E47}.Release|ARM.Build.0 = Release|Any CPU
		{7446BF69-594A-4AEA-BD8B-4EED7C860E47}.Release|ARM64.ActiveCfg = Release|Any CPU
		{7446BF69-594A-4AEA-BD8B-4EED7C860E47}.Release|ARM64.Build.0 = Release|Any CPU
		{7446BF69-594A-4AEA-BD8B-4EED7C860E47}.Release|x64.ActiveCfg = Release|Any CPU
		{7446BF69-594A-4AEA-BD8B-4EED7C860E47}.Release|x64.Build.0 = Release|Any CPU
		{7446BF69-594A-4AEA-BD8B-4EED7C860E47}.Release|x86.ActiveCfg = Release|Any CPU
		{7446BF69-594A-4AEA-BD8B-4EED7C860E47}.Release|x86.Build.0 = Release|Any CPU
		{AD3CEE6D-F3C4-41C5-B83D-E2C00AE0B20A}.Debug|Any CPU.ActiveCfg = Debug|Any CPU
		{AD3CEE6D-F3C4-41C5-B83D-E2C00AE0B20A}.Debug|Any CPU.Build.0 = Debug|Any CPU
		{AD3CEE6D-F3C4-41C5-B83D-E2C00AE0B20A}.Debug|ARM.ActiveCfg = Debug|Any CPU
		{AD3CEE6D-F3C4-41C5-B83D-E2C00AE0B20A}.Debug|ARM.Build.0 = Debug|Any CPU
		{AD3CEE6D-F3C4-41C5-B83D-E2C00AE0B20A}.Debug|ARM64.ActiveCfg = Debug|Any CPU
		{AD3CEE6D-F3C4-41C5-B83D-E2C00AE0B20A}.Debug|ARM64.Build.0 = Debug|Any CPU
		{AD3CEE6D-F3C4-41C5-B83D-E2C00AE0B20A}.Debug|x64.ActiveCfg = Debug|Any CPU
		{AD3CEE6D-F3C4-41C5-B83D-E2C00AE0B20A}.Debug|x64.Build.0 = Debug|Any CPU
		{AD3CEE6D-F3C4-41C5-B83D-E2C00AE0B20A}.Debug|x86.ActiveCfg = Debug|Any CPU
		{AD3CEE6D-F3C4-41C5-B83D-E2C00AE0B20A}.Debug|x86.Build.0 = Debug|Any CPU
		{AD3CEE6D-F3C4-41C5-B83D-E2C00AE0B20A}.Release|Any CPU.ActiveCfg = Release|Any CPU
		{AD3CEE6D-F3C4-41C5-B83D-E2C00AE0B20A}.Release|Any CPU.Build.0 = Release|Any CPU
		{AD3CEE6D-F3C4-41C5-B83D-E2C00AE0B20A}.Release|ARM.ActiveCfg = Release|Any CPU
		{AD3CEE6D-F3C4-41C5-B83D-E2C00AE0B20A}.Release|ARM.Build.0 = Release|Any CPU
		{AD3CEE6D-F3C4-41C5-B83D-E2C00AE0B20A}.Release|ARM64.ActiveCfg = Release|Any CPU
		{AD3CEE6D-F3C4-41C5-B83D-E2C00AE0B20A}.Release|ARM64.Build.0 = Release|Any CPU
		{AD3CEE6D-F3C4-41C5-B83D-E2C00AE0B20A}.Release|x64.ActiveCfg = Release|Any CPU
		{AD3CEE6D-F3C4-41C5-B83D-E2C00AE0B20A}.Release|x64.Build.0 = Release|Any CPU
		{AD3CEE6D-F3C4-41C5-B83D-E2C00AE0B20A}.Release|x86.ActiveCfg = Release|Any CPU
		{AD3CEE6D-F3C4-41C5-B83D-E2C00AE0B20A}.Release|x86.Build.0 = Release|Any CPU
		{1C6124F5-20F1-476F-86FE-FB2CCD2E28B6}.Debug|Any CPU.ActiveCfg = Debug|x86
		{1C6124F5-20F1-476F-86FE-FB2CCD2E28B6}.Debug|ARM.ActiveCfg = Debug|x86
		{1C6124F5-20F1-476F-86FE-FB2CCD2E28B6}.Debug|ARM64.ActiveCfg = Debug|x86
		{1C6124F5-20F1-476F-86FE-FB2CCD2E28B6}.Debug|x64.ActiveCfg = Debug|x86
		{1C6124F5-20F1-476F-86FE-FB2CCD2E28B6}.Debug|x86.ActiveCfg = Debug|x86
		{1C6124F5-20F1-476F-86FE-FB2CCD2E28B6}.Debug|x86.Build.0 = Debug|x86
		{1C6124F5-20F1-476F-86FE-FB2CCD2E28B6}.Release|Any CPU.ActiveCfg = Release|x86
		{1C6124F5-20F1-476F-86FE-FB2CCD2E28B6}.Release|ARM.ActiveCfg = Release|x86
		{1C6124F5-20F1-476F-86FE-FB2CCD2E28B6}.Release|ARM64.ActiveCfg = Release|x86
		{1C6124F5-20F1-476F-86FE-FB2CCD2E28B6}.Release|x64.ActiveCfg = Release|x86
		{1C6124F5-20F1-476F-86FE-FB2CCD2E28B6}.Release|x86.ActiveCfg = Release|x86
		{1C6124F5-20F1-476F-86FE-FB2CCD2E28B6}.Release|x86.Build.0 = Release|x86
		{03F62440-DB11-457F-B076-D531EFA54AB6}.Debug|Any CPU.ActiveCfg = Debug|Any CPU
		{03F62440-DB11-457F-B076-D531EFA54AB6}.Debug|Any CPU.Build.0 = Debug|Any CPU
		{03F62440-DB11-457F-B076-D531EFA54AB6}.Debug|ARM.ActiveCfg = Debug|Any CPU
		{03F62440-DB11-457F-B076-D531EFA54AB6}.Debug|ARM.Build.0 = Debug|Any CPU
		{03F62440-DB11-457F-B076-D531EFA54AB6}.Debug|ARM64.ActiveCfg = Debug|Any CPU
		{03F62440-DB11-457F-B076-D531EFA54AB6}.Debug|ARM64.Build.0 = Debug|Any CPU
		{03F62440-DB11-457F-B076-D531EFA54AB6}.Debug|x64.ActiveCfg = Debug|Any CPU
		{03F62440-DB11-457F-B076-D531EFA54AB6}.Debug|x64.Build.0 = Debug|Any CPU
		{03F62440-DB11-457F-B076-D531EFA54AB6}.Debug|x86.ActiveCfg = Debug|Any CPU
		{03F62440-DB11-457F-B076-D531EFA54AB6}.Debug|x86.Build.0 = Debug|Any CPU
		{03F62440-DB11-457F-B076-D531EFA54AB6}.Release|Any CPU.ActiveCfg = Release|Any CPU
		{03F62440-DB11-457F-B076-D531EFA54AB6}.Release|Any CPU.Build.0 = Release|Any CPU
		{03F62440-DB11-457F-B076-D531EFA54AB6}.Release|ARM.ActiveCfg = Release|Any CPU
		{03F62440-DB11-457F-B076-D531EFA54AB6}.Release|ARM.Build.0 = Release|Any CPU
		{03F62440-DB11-457F-B076-D531EFA54AB6}.Release|ARM64.ActiveCfg = Release|Any CPU
		{03F62440-DB11-457F-B076-D531EFA54AB6}.Release|ARM64.Build.0 = Release|Any CPU
		{03F62440-DB11-457F-B076-D531EFA54AB6}.Release|x64.ActiveCfg = Release|Any CPU
		{03F62440-DB11-457F-B076-D531EFA54AB6}.Release|x64.Build.0 = Release|Any CPU
		{03F62440-DB11-457F-B076-D531EFA54AB6}.Release|x86.ActiveCfg = Release|Any CPU
		{03F62440-DB11-457F-B076-D531EFA54AB6}.Release|x86.Build.0 = Release|Any CPU
		{02A09D8B-311E-493F-958F-4DE0236DF70A}.Debug|Any CPU.ActiveCfg = Debug|Any CPU
		{02A09D8B-311E-493F-958F-4DE0236DF70A}.Debug|Any CPU.Build.0 = Debug|Any CPU
		{02A09D8B-311E-493F-958F-4DE0236DF70A}.Debug|ARM.ActiveCfg = Debug|Any CPU
		{02A09D8B-311E-493F-958F-4DE0236DF70A}.Debug|ARM.Build.0 = Debug|Any CPU
		{02A09D8B-311E-493F-958F-4DE0236DF70A}.Debug|ARM64.ActiveCfg = Debug|Any CPU
		{02A09D8B-311E-493F-958F-4DE0236DF70A}.Debug|ARM64.Build.0 = Debug|Any CPU
		{02A09D8B-311E-493F-958F-4DE0236DF70A}.Debug|x64.ActiveCfg = Debug|Any CPU
		{02A09D8B-311E-493F-958F-4DE0236DF70A}.Debug|x64.Build.0 = Debug|Any CPU
		{02A09D8B-311E-493F-958F-4DE0236DF70A}.Debug|x86.ActiveCfg = Debug|Any CPU
		{02A09D8B-311E-493F-958F-4DE0236DF70A}.Debug|x86.Build.0 = Debug|Any CPU
		{02A09D8B-311E-493F-958F-4DE0236DF70A}.Release|Any CPU.ActiveCfg = Release|Any CPU
		{02A09D8B-311E-493F-958F-4DE0236DF70A}.Release|Any CPU.Build.0 = Release|Any CPU
		{02A09D8B-311E-493F-958F-4DE0236DF70A}.Release|ARM.ActiveCfg = Release|Any CPU
		{02A09D8B-311E-493F-958F-4DE0236DF70A}.Release|ARM.Build.0 = Release|Any CPU
		{02A09D8B-311E-493F-958F-4DE0236DF70A}.Release|ARM64.ActiveCfg = Release|Any CPU
		{02A09D8B-311E-493F-958F-4DE0236DF70A}.Release|ARM64.Build.0 = Release|Any CPU
		{02A09D8B-311E-493F-958F-4DE0236DF70A}.Release|x64.ActiveCfg = Release|Any CPU
		{02A09D8B-311E-493F-958F-4DE0236DF70A}.Release|x64.Build.0 = Release|Any CPU
		{02A09D8B-311E-493F-958F-4DE0236DF70A}.Release|x86.ActiveCfg = Release|Any CPU
		{02A09D8B-311E-493F-958F-4DE0236DF70A}.Release|x86.Build.0 = Release|Any CPU
		{60EF9E94-B1D4-46B9-8186-18BBBDE452D0}.Debug|Any CPU.ActiveCfg = Debug|Any CPU
		{60EF9E94-B1D4-46B9-8186-18BBBDE452D0}.Debug|Any CPU.Build.0 = Debug|Any CPU
		{60EF9E94-B1D4-46B9-8186-18BBBDE452D0}.Debug|Any CPU.Deploy.0 = Debug|Any CPU
		{60EF9E94-B1D4-46B9-8186-18BBBDE452D0}.Debug|ARM.ActiveCfg = Debug|ARM
		{60EF9E94-B1D4-46B9-8186-18BBBDE452D0}.Debug|ARM.Build.0 = Debug|ARM
		{60EF9E94-B1D4-46B9-8186-18BBBDE452D0}.Debug|ARM.Deploy.0 = Debug|ARM
		{60EF9E94-B1D4-46B9-8186-18BBBDE452D0}.Debug|ARM64.ActiveCfg = Debug|ARM64
		{60EF9E94-B1D4-46B9-8186-18BBBDE452D0}.Debug|ARM64.Build.0 = Debug|ARM64
		{60EF9E94-B1D4-46B9-8186-18BBBDE452D0}.Debug|ARM64.Deploy.0 = Debug|ARM64
		{60EF9E94-B1D4-46B9-8186-18BBBDE452D0}.Debug|x64.ActiveCfg = Debug|x64
		{60EF9E94-B1D4-46B9-8186-18BBBDE452D0}.Debug|x64.Build.0 = Debug|x64
		{60EF9E94-B1D4-46B9-8186-18BBBDE452D0}.Debug|x64.Deploy.0 = Debug|x64
		{60EF9E94-B1D4-46B9-8186-18BBBDE452D0}.Debug|x86.ActiveCfg = Debug|x86
		{60EF9E94-B1D4-46B9-8186-18BBBDE452D0}.Debug|x86.Build.0 = Debug|x86
		{60EF9E94-B1D4-46B9-8186-18BBBDE452D0}.Debug|x86.Deploy.0 = Debug|x86
		{60EF9E94-B1D4-46B9-8186-18BBBDE452D0}.Release|Any CPU.ActiveCfg = Release|Any CPU
		{60EF9E94-B1D4-46B9-8186-18BBBDE452D0}.Release|Any CPU.Build.0 = Release|Any CPU
		{60EF9E94-B1D4-46B9-8186-18BBBDE452D0}.Release|Any CPU.Deploy.0 = Release|Any CPU
		{60EF9E94-B1D4-46B9-8186-18BBBDE452D0}.Release|ARM.ActiveCfg = Release|ARM
		{60EF9E94-B1D4-46B9-8186-18BBBDE452D0}.Release|ARM.Build.0 = Release|ARM
		{60EF9E94-B1D4-46B9-8186-18BBBDE452D0}.Release|ARM.Deploy.0 = Release|ARM
		{60EF9E94-B1D4-46B9-8186-18BBBDE452D0}.Release|ARM64.ActiveCfg = Release|ARM64
		{60EF9E94-B1D4-46B9-8186-18BBBDE452D0}.Release|ARM64.Build.0 = Release|ARM64
		{60EF9E94-B1D4-46B9-8186-18BBBDE452D0}.Release|ARM64.Deploy.0 = Release|ARM64
		{60EF9E94-B1D4-46B9-8186-18BBBDE452D0}.Release|x64.ActiveCfg = Release|x64
		{60EF9E94-B1D4-46B9-8186-18BBBDE452D0}.Release|x64.Build.0 = Release|x64
		{60EF9E94-B1D4-46B9-8186-18BBBDE452D0}.Release|x64.Deploy.0 = Release|x64
		{60EF9E94-B1D4-46B9-8186-18BBBDE452D0}.Release|x86.ActiveCfg = Release|x86
		{60EF9E94-B1D4-46B9-8186-18BBBDE452D0}.Release|x86.Build.0 = Release|x86
		{60EF9E94-B1D4-46B9-8186-18BBBDE452D0}.Release|x86.Deploy.0 = Release|x86
	EndGlobalSection
	GlobalSection(SolutionProperties) = preSolution
		HideSolutionNode = FALSE
	EndGlobalSection
	GlobalSection(ExtensibilityGlobals) = postSolution
		SolutionGuid = {156DF0FE-4F46-45FD-B866-219F1928D8B6}
	EndGlobalSection
EndGlobal
